
Microsoft Visual Studio Solution File, Format Version 12.00
# Visual Studio Version 17
VisualStudioVersion = 17.5.33516.290
MinimumVisualStudioVersion = 10.0.40219.1
Project("{FAE04EC0-301F-11D3-BF4B-00C04F79EFBC}") = "CustomerWebAPI", "CustomerWebAPI\CustomerWebAPI.csproj", "{C2F02423-DD79-42CB-8BA7-311F117DA0D8}"
EndProject
Project("{FAE04EC0-301F-11D3-BF4B-00C04F79EFBC}") = "CustomerWebAPI.BusinessLogicLayer", "CustomerWebAPI.BusinessLogicLayer\CustomerWebAPI.BusinessLogicLayer.csproj", "{2A179D8E-74E4-4023-B0F5-49BDE0C3365C}"
EndProject
Project("{FAE04EC0-301F-11D3-BF4B-00C04F79EFBC}") = "CustomerWebAPI.DataAccessLayer", "CustomerWebAPI.DataAccessLayer\CustomerWebAPI.DataAccessLayer.csproj", "{66806D86-E873-4827-9C7F-1FD8E1D131EB}"
EndProject
Project("{FAE04EC0-301F-11D3-BF4B-00C04F79EFBC}") = "CustomerWebAPI.Models", "CustomerWebAPI.Models\CustomerWebAPI.Models.csproj", "{87B2E192-A982-4C8A-B4F7-56452E81690F}"
EndProject
Global
	GlobalSection(SolutionConfigurationPlatforms) = preSolution
		Debug|Any CPU = Debug|Any CPU
		Release|Any CPU = Release|Any CPU
	EndGlobalSection
	GlobalSection(ProjectConfigurationPlatforms) = postSolution
		{C2F02423-DD79-42CB-8BA7-311F117DA0D8}.Debug|Any CPU.ActiveCfg = Debug|Any CPU
		{C2F02423-DD79-42CB-8BA7-311F117DA0D8}.Debug|Any CPU.Build.0 = Debug|Any CPU
		{C2F02423-DD79-42CB-8BA7-311F117DA0D8}.Release|Any CPU.ActiveCfg = Release|Any CPU
		{C2F02423-DD79-42CB-8BA7-311F117DA0D8}.Release|Any CPU.Build.0 = Release|Any CPU
		{2A179D8E-74E4-4023-B0F5-49BDE0C3365C}.Debug|Any CPU.ActiveCfg = Debug|Any CPU
		{2A179D8E-74E4-4023-B0F5-49BDE0C3365C}.Debug|Any CPU.Build.0 = Debug|Any CPU
		{2A179D8E-74E4-4023-B0F5-49BDE0C3365C}.Release|Any CPU.ActiveCfg = Release|Any CPU
		{2A179D8E-74E4-4023-B0F5-49BDE0C3365C}.Release|Any CPU.Build.0 = Release|Any CPU
		{66806D86-E873-4827-9C7F-1FD8E1D131EB}.Debug|Any CPU.ActiveCfg = Debug|Any CPU
		{66806D86-E873-4827-9C7F-1FD8E1D131EB}.Debug|Any CPU.Build.0 = Debug|Any CPU
		{66806D86-E873-4827-9C7F-1FD8E1D131EB}.Release|Any CPU.ActiveCfg = Release|Any CPU
		{66806D86-E873-4827-9C7F-1FD8E1D131EB}.Release|Any CPU.Build.0 = Release|Any CPU
		{87B2E192-A982-4C8A-B4F7-56452E81690F}.Debug|Any CPU.ActiveCfg = Debug|Any CPU
		{87B2E192-A982-4C8A-B4F7-56452E81690F}.Debug|Any CPU.Build.0 = Debug|Any CPU
		{87B2E192-A982-4C8A-B4F7-56452E81690F}.Release|Any CPU.ActiveCfg = Release|Any CPU
		{87B2E192-A982-4C8A-B4F7-56452E81690F}.Release|Any CPU.Build.0 = Release|Any CPU
	EndGlobalSection
	GlobalSection(SolutionProperties) = preSolution
		HideSolutionNode = FALSE
	EndGlobalSection
	GlobalSection(ExtensibilityGlobals) = postSolution
		SolutionGuid = {CA1A2218-EE6D-4A62-9484-F1912CF00D6C}
	EndGlobalSection
EndGlobal
